{
  "name": "prepros-project",
  "version": "1.0.0",
  "lockfileVersion": 1,
  "requires": true,
  "dependencies": {
    "@popperjs/core": {
      "version": "2.5.3",
      "resolved": "https://registry.npmjs.org/@popperjs/core/-/core-2.5.3.tgz",
      "integrity": "sha512-RFwCobxsvZ6j7twS7dHIZQZituMIDJJNHS/qY6iuthVebxS3zhRY+jaC2roEKiAYaVuTcGmX6Luc6YBcf6zJVg=="
    },
    "card": {
      "version": "2.5.0",
      "resolved": "https://registry.npmjs.org/card/-/card-2.5.0.tgz",
      "integrity": "sha512-vShS/L9APZtmlo/GrDQApHdpkM8EBbpfCLequdN6epuE2q2Il5w81+j+6U6sh3BTxYD53r7YyE6Vl8zGtEwN5g==",
      "requires": {
        "node.extend": "~1.1.3",
        "payment": "^2.4.0",
        "qj": "^2.0.0"
      }
    },
    "dom7": {
      "version": "3.0.0-alpha.9",
      "resolved": "https://registry.npmjs.org/dom7/-/dom7-3.0.0-alpha.9.tgz",
      "integrity": "sha512-wTxPe1vJqLAy2PzAROh/n1PsRF/ZklAJyRIn9shm2dAQjP4JhjsgDKQ1YTbuzf1KVlqOlqYPmwupQExcB9jOUg==",
      "requires": {
        "ssr-window": "^3.0.0-alpha.1"
      }
    },
    "function-bind": {
      "version": "1.1.1",
      "resolved": "https://registry.npmjs.org/function-bind/-/function-bind-1.1.1.tgz",
      "integrity": "sha512-yIovAzMX49sF8Yl58fSCWJ5svSLuaibPxXQJFLmBObTuCr0Mf1KiPopGM9NiFjiYBCbfaa2Fh6breQ6ANVTI0A=="
    },
    "has": {
      "version": "1.0.3",
      "resolved": "https://registry.npmjs.org/has/-/has-1.0.3.tgz",
      "integrity": "sha512-f2dvO0VU6Oej7RkWJGrehjbzMAjFp5/VKPp5tTpWIV4JHHZK1/BxbFRtf/siA2SWTe09caDmVtYYzWEIbBS4zw==",
      "requires": {
        "function-bind": "^1.1.1"
      }
    },
    "is": {
      "version": "3.3.0",
      "resolved": "https://registry.npmjs.org/is/-/is-3.3.0.tgz",
      "integrity": "sha512-nW24QBoPcFGGHJGUwnfpI7Yc5CdqWNdsyHQszVE/z2pKHXzh7FZ5GWhJqSyaQ9wMkQnsTx+kAI8bHlCX4tKdbg=="
    },
    "is-in-viewport": {
      "version": "3.0.4",
      "resolved": "https://registry.npmjs.org/is-in-viewport/-/is-in-viewport-3.0.4.tgz",
      "integrity": "sha512-J7+83nXH58ddAUgspnxycmxhwzaGByQ0KhGVapLW8YYlG5DY1tdoIkThs2UX4GavpOSi6+682lv2clgdNnRaKA=="
    },
    "jquery": {
      "version": "3.5.1",
      "resolved": "https://registry.npmjs.org/jquery/-/jquery-3.5.1.tgz",
      "integrity": "sha512-XwIBPqcMn57FxfT+Go5pzySnm4KWkT1Tv7gjrpT1srtf8Weynl6R273VJ5GjkRb51IzMp5nbaPjJXMWeju2MKg=="
    },
    "jquery-form-styler": {
      "version": "2.0.2",
      "resolved": "https://registry.npmjs.org/jquery-form-styler/-/jquery-form-styler-2.0.2.tgz",
      "integrity": "sha1-C5qvyxgFJ//hcU/CXexJHDMQL+8=",
      "requires": {
        "jquery": "^1.7.0"
      },
      "dependencies": {
        "jquery": {
          "version": "1.12.4",
          "resolved": "https://registry.npmjs.org/jquery/-/jquery-1.12.4.tgz",
          "integrity": "sha1-AeHfuikP5z3rp3zurLD5ui/sngw="
        }
      }
    },
    "jquery.maskedinput": {
      "version": "1.4.1",
      "resolved": "https://registry.npmjs.org/jquery.maskedinput/-/jquery.maskedinput-1.4.1.tgz",
      "integrity": "sha1-Pqj0zcTq/Oc1TCe2anPQ9E3vwyc="
    },
    "node.extend": {
      "version": "1.1.8",
      "resolved": "https://registry.npmjs.org/node.extend/-/node.extend-1.1.8.tgz",
      "integrity": "sha512-L/dvEBwyg3UowwqOUTyDsGBU6kjBQOpOhshio9V3i3BMPv5YUb9+mWNN8MK0IbWqT0AqaTSONZf0aTuMMahWgA==",
      "requires": {
        "has": "^1.0.3",
        "is": "^3.2.1"
      }
    },
    "normalize.css": {
      "version": "8.0.1",
      "resolved": "https://registry.npmjs.org/normalize.css/-/normalize.css-8.0.1.tgz",
      "integrity": "sha512-qizSNPO93t1YUuUhP22btGOo3chcvDFqFaj2TRybP0DMxkHOCTYwp3n34fel4a31ORXy4m1Xq0Gyqpb5m33qIg=="
    },
    "payment": {
      "version": "2.4.0",
      "resolved": "https://registry.npmjs.org/payment/-/payment-2.4.0.tgz",
      "integrity": "sha512-FjVkqu1GW0epmWRuA7853cfEdjZx61z1vKagcvfvKWeXwEuUlOKr2nkdrCjue5qJWNSzj235pidaK3GsCbY84A==",
      "requires": {
        "qj": "~2.0.0"
      }
    },
    "qj": {
      "version": "2.0.0",
      "resolved": "https://registry.npmjs.org/qj/-/qj-2.0.0.tgz",
      "integrity": "sha1-BU3Tt1zgGHKNI6BgXwMN/aC9FYo="
    },
    "smart-grid": {
      "version": "2.1.2",
      "resolved": "https://registry.npmjs.org/smart-grid/-/smart-grid-2.1.2.tgz",
      "integrity": "sha512-O5BYpBH5zMVMt12xAdbbCdQKwXpLWI4bqLJpaXRcNXHs4IfAVJd2K9XOilplRA7byBKva5Ysg1EtckwwqnoYeg=="
    },
    "ssr-window": {
      "version": "3.0.0-alpha.4",
      "resolved": "https://registry.npmjs.org/ssr-window/-/ssr-window-3.0.0-alpha.4.tgz",
      "integrity": "sha512-+dBRP/pZ+VyITxTzD0lMDzDwN/BmfUl8xi2e6t5Nz4+FqUphfcBLB1OOUSYCRNFB25rD3c8AJRYpY5rHTbL+kg=="
    },
    "swiper": {
      "version": "6.2.0",
      "resolved": "https://registry.npmjs.org/swiper/-/swiper-6.2.0.tgz",
      "integrity": "sha512-lOQeWRAHXwWPDu6k5cJYkf/eVRq2IUiHpMSGS143PVBg91J+2ZCXwM+Uv2sUckrZn3AMGcpcpnEBqD8Rwz9XGQ==",
      "requires": {
        "dom7": "^3.0.0-alpha.7",
        "ssr-window": "^3.0.0-alpha.4"
      }
    },
    "tippy.js": {
      "version": "6.2.7",
      "resolved": "https://registry.npmjs.org/tippy.js/-/tippy.js-6.2.7.tgz",
      "integrity": "sha512-k+kWF9AJz5xLQHBi3K/XlmJiyu+p9gsCyc5qZhxxGaJWIW8SMjw1R+C7saUnP33IM8gUhDA2xX//ejRSwqR0tA==",
      "requires": {
        "@popperjs/core": "^2.4.4"
      }
    }
  }
}
